// !$*UTF8*$!
{
	archiveVersion = 1;
	classes = {
	};
	objectVersion = 46;
	objects = {

/* Begin PBXBuildFile section */
		3F7919B51C92092D00D79463 /* main.m in Sources */ = {isa = PBXBuildFile; fileRef = 3F7919B41C92092D00D79463 /* main.m */; };
		3F7919C01C92092D00D79463 /* Assets.xcassets in Resources */ = {isa = PBXBuildFile; fileRef = 3F7919BF1C92092D00D79463 /* Assets.xcassets */; };
		3F7919C31C92092D00D79463 /* LaunchScreen.storyboard in Resources */ = {isa = PBXBuildFile; fileRef = 3F7919C11C92092D00D79463 /* LaunchScreen.storyboard */; };
		3F7919DB1C920B1E00D79463 /* CLNAppDelegate.m in Sources */ = {isa = PBXBuildFile; fileRef = 3F7919D61C920B1E00D79463 /* CLNAppDelegate.m */; };
		3F7919DC1C920B1E00D79463 /* CLNCoolView.m in Sources */ = {isa = PBXBuildFile; fileRef = 3F7919D81C920B1E00D79463 /* CLNCoolView.m */; };
		3F7919DD1C920B1E00D79463 /* CLNCoolViewController.m in Sources */ = {isa = PBXBuildFile; fileRef = 3F7919DA1C920B1E00D79463 /* CLNCoolViewController.m */; };
		3F7919DF1C920F0400D79463 /* CoolStuff.xib in Resources */ = {isa = PBXBuildFile; fileRef = 3F7919DE1C920F0400D79463 /* CoolStuff.xib */; };
/* End PBXBuildFile section */

/* Begin PBXFileReference section */
		3F7919B01C92092D00D79463 /* Coolness2.app */ = {isa = PBXFileReference; explicitFileType = wrapper.application; includeInIndex = 0; path = Coolness2.app; sourceTree = BUILT_PRODUCTS_DIR; };
		3F7919B41C92092D00D79463 /* main.m */ = {isa = PBXFileReference; lastKnownFileType = sourcecode.c.objc; path = main.m; sourceTree = "<group>"; };
		3F7919BF1C92092D00D79463 /* Assets.xcassets */ = {isa = PBXFileReference; lastKnownFileType = folder.assetcatalog; path = Assets.xcassets; sourceTree = "<group>"; };
		3F7919C21C92092D00D79463 /* Base */ = {isa = PBXFileReference; lastKnownFileType = file.storyboard; name = Base; path = Base.lproj/LaunchScreen.storyboard; sourceTree = "<group>"; };
		3F7919C41C92092D00D79463 /* Info.plist */ = {isa = PBXFileReference; lastKnownFileType = text.plist.xml; path = Info.plist; sourceTree = "<group>"; };
		3F7919D51C920B1E00D79463 /* CLNAppDelegate.h */ = {isa = PBXFileReference; fileEncoding = 4; lastKnownFileType = sourcecode.c.h; path = CLNAppDelegate.h; sourceTree = "<group>"; };
		3F7919D61C920B1E00D79463 /* CLNAppDelegate.m */ = {isa = PBXFileReference; fileEncoding = 4; lastKnownFileType = sourcecode.c.objc; path = CLNAppDelegate.m; sourceTree = "<group>"; };
		3F7919D71C920B1E00D79463 /* CLNCoolView.h */ = {isa = PBXFileReference; fileEncoding = 4; lastKnownFileType = sourcecode.c.h; path = CLNCoolView.h; sourceTree = "<group>"; };
		3F7919D81C920B1E00D79463 /* CLNCoolView.m */ = {isa = PBXFileReference; fileEncoding = 4; lastKnownFileType = sourcecode.c.objc; path = CLNCoolView.m; sourceTree = "<group>"; };
		3F7919D91C920B1E00D79463 /* CLNCoolViewController.h */ = {isa = PBXFileReference; fileEncoding = 4; lastKnownFileType = sourcecode.c.h; path = CLNCoolViewController.h; sourceTree = "<group>"; };
		3F7919DA1C920B1E00D79463 /* CLNCoolViewController.m */ = {isa = PBXFileReference; fileEncoding = 4; lastKnownFileType = sourcecode.c.objc; path = CLNCoolViewController.m; sourceTree = "<group>"; };
		3F7919DE1C920F0400D79463 /* CoolStuff.xib */ = {isa = PBXFileReference; fileEncoding = 4; lastKnownFileType = file.xib; path = CoolStuff.xib; sourceTree = "<group>"; };
/* End PBXFileReference section */

/* Begin PBXFrameworksBuildPhase section */
		3F7919AD1C92092D00D79463 /* Frameworks */ = {
			isa = PBXFrameworksBuildPhase;
			buildActionMask = 2147483647;
			files = (
			);
			runOnlyForDeploymentPostprocessing = 0;
		};
/* End PBXFrameworksBuildPhase section */

/* Begin PBXGroup section */
		3F7919A71C92092D00D79463 = {
			isa = PBXGroup;
			children = (
				3F7919B21C92092D00D79463 /* Coolness2 */,
				3F7919B11C92092D00D79463 /* Products */,
			);
			sourceTree = "<group>";
		};
		3F7919B11C92092D00D79463 /* Products */ = {
			isa = PBXGroup;
			children = (
				3F7919B01C92092D00D79463 /* Coolness2.app */,
			);
			name = Products;
			sourceTree = "<group>";
		};
		3F7919B21C92092D00D79463 /* Coolness2 */ = {
			isa = PBXGroup;
			children = (
				3F7919D51C920B1E00D79463 /* CLNAppDelegate.h */,
				3F7919D61C920B1E00D79463 /* CLNAppDelegate.m */,
				3F7919D71C920B1E00D79463 /* CLNCoolView.h */,
				3F7919D81C920B1E00D79463 /* CLNCoolView.m */,
				3F7919D91C920B1E00D79463 /* CLNCoolViewController.h */,
				3F7919DA1C920B1E00D79463 /* CLNCoolViewController.m */,
				3F7919DE1C920F0400D79463 /* CoolStuff.xib */,
				3F7919BF1C92092D00D79463 /* Assets.xcassets */,
				3F7919C11C92092D00D79463 /* LaunchScreen.storyboard */,
				3F7919C41C92092D00D79463 /* Info.plist */,
				3F7919B31C92092D00D79463 /* Supporting Files */,
			);
			path = Coolness2;
			sourceTree = "<group>";
		};
		3F7919B31C92092D00D79463 /* Supporting Files */ = {
			isa = PBXGroup;
			children = (
				3F7919B41C92092D00D79463 /* main.m */,
			);
			name = "Supporting Files";
			sourceTree = "<group>";
		};
/* End PBXGroup section */

/* Begin PBXNativeTarget section */
		3F7919AF1C92092D00D79463 /* Coolness2 */ = {
			isa = PBXNativeTarget;
			buildConfigurationList = 3F7919C71C92092D00D79463 /* Build configuration list for PBXNativeTarget "Coolness2" */;
			buildPhases = (
				3F7919AC1C92092D00D79463 /* Sources */,
				3F7919AD1C92092D00D79463 /* Frameworks */,
				3F7919AE1C92092D00D79463 /* Resources */,
			);
			buildRules = (
			);
			dependencies = (
			);
			name = Coolness2;
			productName = Coolness2;
			productReference = 3F7919B01C92092D00D79463 /* Coolness2.app */;
			productType = "com.apple.product-type.application";
		};
/* End PBXNativeTarget section */

/* Begin PBXProject section */
		3F7919A81C92092D00D79463 /* Project object */ = {
			isa = PBXProject;
			attributes = {
				LastUpgradeCheck = 0720;
				ORGANIZATIONNAME = Student;
				TargetAttributes = {
					3F7919AF1C92092D00D79463 = {
						CreatedOnToolsVersion = 7.2.1;
					};
				};
			};
			buildConfigurationList = 3F7919AB1C92092D00D79463 /* Build configuration list for PBXProject "Coolness2" */;
			compatibilityVersion = "Xcode 3.2";
			developmentRegion = English;
			hasScannedForEncodings = 0;
			knownRegions = (
				en,
				Base,
			);
			mainGroup = 3F7919A71C92092D00D79463;
			productRefGroup = 3F7919B11C92092D00D79463 /* Products */;
			projectDirPath = "";
			projectRoot = "";
			targets = (
				3F7919AF1C92092D00D79463 /* Coolness2 */,
			);
		};
/* End PBXProject section */

/* Begin PBXResourcesBuildPhase section */
		3F7919AE1C92092D00D79463 /* Resources */ = {
			isa = PBXResourcesBuildPhase;
			buildActionMask = 2147483647;
			files = (
				3F7919C31C92092D00D79463 /* LaunchScreen.storyboard in Resources */,
				3F7919DF1C920F0400D79463 /* CoolStuff.xib in Resources */,
				3F7919C01C92092D00D79463 /* Assets.xcassets in Resources */,
			);
			runOnlyForDeploymentPostprocessing = 0;
		};
/* End PBXResourcesBuildPhase section */

/* Begin PBXSourcesBuildPhase section */
		3F7919AC1C92092D00D79463 /* Sources */ = {
			isa = PBXSourcesBuildPhase;
			buildActionMask = 2147483647;
			files = (
				3F7919DB1C920B1E00D79463 /* CLNAppDelegate.m in Sources */,
				3F7919B51C92092D00D79463 /* main.m in Sources */,
				3F7919DC1C920B1E00D79463 /* CLNCoolView.m in Sources */,
				3F7919DD1C920B1E00D79463 /* CLNCoolViewController.m in Sources */,
			);
			runOnlyForDeploymentPostprocessing = 0;
		};
/* End PBXSourcesBuildPhase section */

/* Begin PBXVariantGroup section */
		3F7919C11C92092D00D79463 /* LaunchScreen.storyboard */ = {
			isa = PBXVariantGroup;
			children = (
				3F7919C21C92092D00D79463 /* Base */,
			);
			name = LaunchScreen.storyboard;
			sourceTree = "<group>";
		};
/* End PBXVariantGroup section */

/* Begin XCBuildConfiguration section */
		3F7919C51C92092D00D79463 /* Debug */ = {
			isa = XCBuildConfiguration;
			buildSettings = {
				ALWAYS_SEARCH_USER_PATHS = NO;
				CLANG_CXX_LANGUAGE_STANDARD = "gnu++0x";
				CLANG_CXX_LIBRARY = "libc++";
				CLANG_ENABLE_MODULES = YES;
				CLANG_ENABLE_OBJC_ARC = YES;
				CLANG_WARN_BOOL_CONVERSION = YES;
				CLANG_WARN_CONSTANT_CONVERSION = YES;
				CLANG_WARN_DIRECT_OBJC_ISA_USAGE = YES_ERROR;
				CLANG_WARN_EMPTY_BODY = YES;
				CLANG_WARN_ENUM_CONVERSION = YES;
				CLANG_WARN_INT_CONVERSION = YES;
				CLANG_WARN_OBJC_ROOT_CLASS = YES_ERROR;
				CLANG_WARN_UNREACHABLE_CODE = YES;
				CLANG_WARN__DUPLICATE_METHOD_MATCH = YES;
				"CODE_SIGN_IDENTITY[sdk=iphoneos*]" = "iPhone Developer";
				COPY_PHASE_STRIP = NO;
				DEBUG_INFORMATION_FORMAT = dwarf;
				ENABLE_STRICT_OBJC_MSGSEND = YES;
				ENABLE_TESTABILITY = YES;
				GCC_C_LANGUAGE_STANDARD = gnu99;
				GCC_DYNAMIC_NO_PIC = NO;
				GCC_NO_COMMON_BLOCKS = YES;
				GCC_OPTIMIZATION_LEVEL = 0;
				GCC_PREPROCESSOR_DEFINITIONS = (
					"DEBUG=1",
					"$(inherited)",
				);
				GCC_WARN_64_TO_32_BIT_CONVERSION = YES;
				GCC_WARN_ABOUT_RETURN_TYPE = YES_ERROR;
				GCC_WARN_UNDECLARED_SELECTOR = YES;
				GCC_WARN_UNINITIALIZED_AUTOS = YES_AGGRESSIVE;
				GCC_WARN_UNUSED_FUNCTION = YES;
				GCC_WARN_UNUSED_VARIABLE = YES;
				IPHONEOS_DEPLOYMENT_TARGET = 9.2;
				MTL_ENABLE_DEBUG_INFO = YES;
				ONLY_ACTIVE_ARCH = YES;
				SDKROOT = iphoneos;
			};
			name = Debug;
		};
		3F7919C61C92092D00D79463 /* Release */ = {
			isa = XCBuildConfiguration;
			buildSettings = {
				ALWAYS_SEARCH_USER_PATHS = NO;
				CLANG_CXX_LANGUAGE_STANDARD = "gnu++0x";
				CLANG_CXX_LIBRARY = "libc++";
				CLANG_ENABLE_MODULES = YES;
				CLANG_ENABLE_OBJC_ARC = YES;
				CLANG_WARN_BOOL_CONVERSION = YES;
				CLANG_WARN_CONSTANT_CONVERSION = YES;
				CLANG_WARN_DIRECT_OBJC_ISA_USAGE = YES_ERROR;
				CLANG_WARN_EMPTY_BODY = YES;
				CLANG_WARN_ENUM_CONVERSION = YES;
				CLANG_WARN_INT_CONVERSION = YES;
				CLANG_WARN_OBJC_ROOT_CLASS = YES_ERROR;
				CLANG_WARN_UNREACHABLE_CODE = YES;
				CLANG_WARN__DUPLICATE_METHOD_MATCH = YES;
				"CODE_SIGN_IDENTITY[sdk=iphoneos*]" = "iPhone Developer";
				COPY_PHASE_STRIP = NO;
				DEBUG_INFORMATION_FORMAT = "dwarf-with-dsym";
				ENABLE_NS_ASSERTIONS = NO;
				ENABLE_STRICT_OBJC_MSGSEND = YES;
				GCC_C_LANGUAGE_STANDARD = gnu99;
				GCC_NO_COMMON_BLOCKS = YES;
				GCC_WARN_64_TO_32_BIT_CONVERSION = YES;
				GCC_WARN_ABOUT_RETURN_TYPE = YES_ERROR;
				GCC_WARN_UNDECLARED_SELECTOR = YES;
				GCC_WARN_UNINITIALIZED_AUTOS = YES_AGGRESSIVE;
				GCC_WARN_UNUSED_FUNCTION = YES;
				GCC_WARN_UNUSED_VARIABLE = YES;
				IPHONEOS_DEPLOYMENT_TARGET = 9.2;
				MTL_ENABLE_DEBUG_INFO = NO;
				SDKROOT = iphoneos;
				VALIDATE_PRODUCT = YES;
			};
			name = Release;
		};
		3F7919C81C92092D00D79463 /* Debug */ = {
			isa = XCBuildConfiguration;
			buildSettings = {
				ASSETCATALOG_COMPILER_APPICON_NAME = AppIcon;
				INFOPLIST_FILE = Coolness2/Info.plist;
				LD_RUNPATH_SEARCH_PATHS = "$(inherited) @executable_path/Frameworks";
				PRODUCT_BUNDLE_IDENTIFIER = com.aboutobjects.Coolness2;
				PRODUCT_NAME = "$(TARGET_NAME)";
			};
			name = Debug;
		};
		3F7919C91C92092D00D79463 /* Release */ = {
			isa = XCBuildConfiguration;
			buildSettings = {
				ASSETCATALOG_COMPILER_APPICON_NAME = AppIcon;
				INFOPLIST_FILE = Coolness2/Info.plist;
				LD_RUNPATH_SEARCH_PATHS = "$(inherited) @executable_path/Frameworks";
				PRODUCT_BUNDLE_IDENTIFIER = com.aboutobjects.Coolness2;
				PRODUCT_NAME = "$(TARGET_NAME)";
			};
			name = Release;
		};
/* End XCBuildConfiguration section */

/* Begin XCConfigurationList section */
		3F7919AB1C92092D00D79463 /* Build configuration list for PBXProject "Coolness2" */ = {
			isa = XCConfigurationList;
			buildConfigurations = (
				3F7919C51C92092D00D79463 /* Debug */,
				3F7919C61C92092D00D79463 /* Release */,
			);
			defaultConfigurationIsVisible = 0;
			defaultConfigurationName = Release;
		};
		3F7919C71C92092D00D79463 /* Build configuration list for PBXNativeTarget "Coolness2" */ = {
			isa = XCConfigurationList;
			buildConfigurations = (
				3F7919C81C92092D00D79463 /* Debug */,
				3F7919C91C92092D00D79463 /* Release */,
			);
			defaultConfigurationIsVisible = 0;
		};
/* End XCConfigurationList section */
	};
	rootObject = 3F7919A81C92092D00D79463 /* Project object */;
}
